// !$*UTF8*$!
{
	archiveVersion = 1;
	classes = {
	};
	objectVersion = 55;
	objects = {

/* Begin PBXBuildFile section */
		1EE6762128D5F84500A2450D /* AppDelegate.swift in Sources */ = {isa = PBXBuildFile; fileRef = 1EE6762028D5F84500A2450D /* AppDelegate.swift */; };
		1EE6762328D5F84500A2450D /* SceneDelegate.swift in Sources */ = {isa = PBXBuildFile; fileRef = 1EE6762228D5F84500A2450D /* SceneDelegate.swift */; };
		1EE6762528D5F84500A2450D /* ViewController.swift in Sources */ = {isa = PBXBuildFile; fileRef = 1EE6762428D5F84500A2450D /* ViewController.swift */; };
		1EE6762828D5F84500A2450D /* Main.storyboard in Resources */ = {isa = PBXBuildFile; fileRef = 1EE6762628D5F84500A2450D /* Main.storyboard */; };
		1EE6762A28D5F84600A2450D /* Assets.xcassets in Resources */ = {isa = PBXBuildFile; fileRef = 1EE6762928D5F84600A2450D /* Assets.xcassets */; };
		1EE6762D28D5F84600A2450D /* LaunchScreen.storyboard in Resources */ = {isa = PBXBuildFile; fileRef = 1EE6762B28D5F84600A2450D /* LaunchScreen.storyboard */; };
		1EE6763528D5F99B00A2450D /* Champions.swift in Sources */ = {isa = PBXBuildFile; fileRef = 1EE6763428D5F99B00A2450D /* Champions.swift */; };
		1EE6763728D5F9D700A2450D /* ChampDetailViewController.swift in Sources */ = {isa = PBXBuildFile; fileRef = 1EE6763628D5F9D700A2450D /* ChampDetailViewController.swift */; };
		1EE6763928D5F9EC00A2450D /* LolWebViewController.swift in Sources */ = {isa = PBXBuildFile; fileRef = 1EE6763828D5F9EC00A2450D /* LolWebViewController.swift */; };
		1EE6763B28D5FE5E00A2450D /* ChampionsCollectionViewCell.swift in Sources */ = {isa = PBXBuildFile; fileRef = 1EE6763A28D5FE5E00A2450D /* ChampionsCollectionViewCell.swift */; };
/* End PBXBuildFile section */

/* Begin PBXFileReference section */
		1EE6761D28D5F84500A2450D /* ADCarries.app */ = {isa = PBXFileReference; explicitFileType = wrapper.application; includeInIndex = 0; path = ADCarries.app; sourceTree = BUILT_PRODUCTS_DIR; };
		1EE6762028D5F84500A2450D /* AppDelegate.swift */ = {isa = PBXFileReference; lastKnownFileType = sourcecode.swift; path = AppDelegate.swift; sourceTree = "<group>"; };
		1EE6762228D5F84500A2450D /* SceneDelegate.swift */ = {isa = PBXFileReference; lastKnownFileType = sourcecode.swift; path = SceneDelegate.swift; sourceTree = "<group>"; };
		1EE6762428D5F84500A2450D /* ViewController.swift */ = {isa = PBXFileReference; lastKnownFileType = sourcecode.swift; path = ViewController.swift; sourceTree = "<group>"; };
		1EE6762728D5F84500A2450D /* Base */ = {isa = PBXFileReference; lastKnownFileType = file.storyboard; name = Base; path = Base.lproj/Main.storyboard; sourceTree = "<group>"; };
		1EE6762928D5F84600A2450D /* Assets.xcassets */ = {isa = PBXFileReference; lastKnownFileType = folder.assetcatalog; path = Assets.xcassets; sourceTree = "<group>"; };
		1EE6762C28D5F84600A2450D /* Base */ = {isa = PBXFileReference; lastKnownFileType = file.storyboard; name = Base; path = Base.lproj/LaunchScreen.storyboard; sourceTree = "<group>"; };
		1EE6762E28D5F84600A2450D /* Info.plist */ = {isa = PBXFileReference; lastKnownFileType = text.plist.xml; path = Info.plist; sourceTree = "<group>"; };
		1EE6763428D5F99B00A2450D /* Champions.swift */ = {isa = PBXFileReference; lastKnownFileType = sourcecode.swift; path = Champions.swift; sourceTree = "<group>"; };
		1EE6763628D5F9D700A2450D /* ChampDetailViewController.swift */ = {isa = PBXFileReference; lastKnownFileType = sourcecode.swift; path = ChampDetailViewController.swift; sourceTree = "<group>"; };
		1EE6763828D5F9EC00A2450D /* LolWebViewController.swift */ = {isa = PBXFileReference; lastKnownFileType = sourcecode.swift; path = LolWebViewController.swift; sourceTree = "<group>"; };
		1EE6763A28D5FE5E00A2450D /* ChampionsCollectionViewCell.swift */ = {isa = PBXFileReference; lastKnownFileType = sourcecode.swift; path = ChampionsCollectionViewCell.swift; sourceTree = "<group>"; };
/* End PBXFileReference section */

/* Begin PBXFrameworksBuildPhase section */
		1EE6761A28D5F84500A2450D /* Frameworks */ = {
			isa = PBXFrameworksBuildPhase;
			buildActionMask = 2147483647;
			files = (
			);
			runOnlyForDeploymentPostprocessing = 0;
		};
/* End PBXFrameworksBuildPhase section */

/* Begin PBXGroup section */
		1EE6761428D5F84500A2450D = {
			isa = PBXGroup;
			children = (
				1EE6761F28D5F84500A2450D /* ADCarries */,
				1EE6761E28D5F84500A2450D /* Products */,
			);
			sourceTree = "<group>";
		};
		1EE6761E28D5F84500A2450D /* Products */ = {
			isa = PBXGroup;
			children = (
				1EE6761D28D5F84500A2450D /* ADCarries.app */,
			);
			name = Products;
			sourceTree = "<group>";
		};
		1EE6761F28D5F84500A2450D /* ADCarries */ = {
			isa = PBXGroup;
			children = (
				1EE6762028D5F84500A2450D /* AppDelegate.swift */,
				1EE6762228D5F84500A2450D /* SceneDelegate.swift */,
				1EE6762428D5F84500A2450D /* ViewController.swift */,
				1EE6763628D5F9D700A2450D /* ChampDetailViewController.swift */,
				1EE6763828D5F9EC00A2450D /* LolWebViewController.swift */,
				1EE6763A28D5FE5E00A2450D /* ChampionsCollectionViewCell.swift */,
				1EE6763428D5F99B00A2450D /* Champions.swift */,
				1EE6762628D5F84500A2450D /* Main.storyboard */,
				1EE6762928D5F84600A2450D /* Assets.xcassets */,
				1EE6762B28D5F84600A2450D /* LaunchScreen.storyboard */,
				1EE6762E28D5F84600A2450D /* Info.plist */,
			);
			path = ADCarries;
			sourceTree = "<group>";
		};
/* End PBXGroup section */

/* Begin PBXNativeTarget section */
		1EE6761C28D5F84500A2450D /* ADCarries */ = {
			isa = PBXNativeTarget;
			buildConfigurationList = 1EE6763128D5F84600A2450D /* Build configuration list for PBXNativeTarget "ADCarries" */;
			buildPhases = (
				1EE6761928D5F84500A2450D /* Sources */,
				1EE6761A28D5F84500A2450D /* Frameworks */,
				1EE6761B28D5F84500A2450D /* Resources */,
			);
			buildRules = (
			);
			dependencies = (
			);
			name = ADCarries;
			productName = ADCarries;
			productReference = 1EE6761D28D5F84500A2450D /* ADCarries.app */;
			productType = "com.apple.product-type.application";
		};
/* End PBXNativeTarget section */

/* Begin PBXProject section */
		1EE6761528D5F84500A2450D /* Project object */ = {
			isa = PBXProject;
			attributes = {
				BuildIndependentTargetsInParallel = 1;
				LastSwiftUpdateCheck = 1340;
				LastUpgradeCheck = 1340;
				TargetAttributes = {
					1EE6761C28D5F84500A2450D = {
						CreatedOnToolsVersion = 13.4.1;
					};
				};
			};
			buildConfigurationList = 1EE6761828D5F84500A2450D /* Build configuration list for PBXProject "ADCarries" */;
			compatibilityVersion = "Xcode 13.0";
			developmentRegion = en;
			hasScannedForEncodings = 0;
			knownRegions = (
				en,
				Base,
			);
			mainGroup = 1EE6761428D5F84500A2450D;
			productRefGroup = 1EE6761E28D5F84500A2450D /* Products */;
			projectDirPath = "";
			projectRoot = "";
			targets = (
				1EE6761C28D5F84500A2450D /* ADCarries */,
			);
		};
/* End PBXProject section */

/* Begin PBXResourcesBuildPhase section */
		1EE6761B28D5F84500A2450D /* Resources */ = {
			isa = PBXResourcesBuildPhase;
			buildActionMask = 2147483647;
			files = (
				1EE6762D28D5F84600A2450D /* LaunchScreen.storyboard in Resources */,
				1EE6762A28D5F84600A2450D /* Assets.xcassets in Resources */,
				1EE6762828D5F84500A2450D /* Main.storyboard in Resources */,
			);
			runOnlyForDeploymentPostprocessing = 0;
		};
/* End PBXResourcesBuildPhase section */

/* Begin PBXSourcesBuildPhase section */
		1EE6761928D5F84500A2450D /* Sources */ = {
			isa = PBXSourcesBuildPhase;
			buildActionMask = 2147483647;
			files = (
				1EE6763528D5F99B00A2450D /* Champions.swift in Sources */,
				1EE6763928D5F9EC00A2450D /* LolWebViewController.swift in Sources */,
				1EE6762528D5F84500A2450D /* ViewController.swift in Sources */,
				1EE6762128D5F84500A2450D /* AppDelegate.swift in Sources */,
				1EE6763B28D5FE5E00A2450D /* ChampionsCollectionViewCell.swift in Sources */,
				1EE6762328D5F84500A2450D /* SceneDelegate.swift in Sources */,
				1EE6763728D5F9D700A2450D /* ChampDetailViewController.swift in Sources */,
			);
			runOnlyForDeploymentPostprocessing = 0;
		};
/* End PBXSourcesBuildPhase section */

/* Begin PBXVariantGroup section */
		1EE6762628D5F84500A2450D /* Main.storyboard */ = {
			isa = PBXVariantGroup;
			children = (
				1EE6762728D5F84500A2450D /* Base */,
			);
			name = Main.storyboard;
			sourceTree = "<group>";
		};
		1EE6762B28D5F84600A2450D /* LaunchScreen.storyboard */ = {
			isa = PBXVariantGroup;
			children = (
				1EE6762C28D5F84600A2450D /* Base */,
			);
			name = LaunchScreen.storyboard;
			sourceTree = "<group>";
		};
/* End PBXVariantGroup section */

/* Begin XCBuildConfiguration section */
		1EE6762F28D5F84600A2450D /* Debug */ = {
			isa = XCBuildConfiguration;
			buildSettings = {
				ALWAYS_SEARCH_USER_PATHS = NO;
				CLANG_ANALYZER_NONNULL = YES;
				CLANG_ANALYZER_NUMBER_OBJECT_CONVERSION = YES_AGGRESSIVE;
				CLANG_CXX_LANGUAGE_STANDARD = "gnu++17";
				CLANG_ENABLE_MODULES = YES;
				CLANG_ENABLE_OBJC_ARC = YES;
				CLANG_ENABLE_OBJC_WEAK = YES;
				CLANG_WARN_BLOCK_CAPTURE_AUTORELEASING = YES;
				CLANG_WARN_BOOL_CONVERSION = YES;
				CLANG_WARN_COMMA = YES;
				CLANG_WARN_CONSTANT_CONVERSION = YES;
				CLANG_WARN_DEPRECATED_OBJC_IMPLEMENTATIONS = YES;
				CLANG_WARN_DIRECT_OBJC_ISA_USAGE = YES_ERROR;
				CLANG_WARN_DOCUMENTATION_COMMENTS = YES;
				CLANG_WARN_EMPTY_BODY = YES;
				CLANG_WARN_ENUM_CONVERSION = YES;
				CLANG_WARN_INFINITE_RECURSION = YES;
				CLANG_WARN_INT_CONVERSION = YES;
				CLANG_WARN_NON_LITERAL_NULL_CONVERSION = YES;
				CLANG_WARN_OBJC_IMPLICIT_RETAIN_SELF = YES;
				CLANG_WARN_OBJC_LITERAL_CONVERSION = YES;
				CLANG_WARN_OBJC_ROOT_CLASS = YES_ERROR;
				CLANG_WARN_QUOTED_INCLUDE_IN_FRAMEWORK_HEADER = YES;
				CLANG_WARN_RANGE_LOOP_ANALYSIS = YES;
				CLANG_WARN_STRICT_PROTOTYPES = YES;
				CLANG_WARN_SUSPICIOUS_MOVE = YES;
				CLANG_WARN_UNGUARDED_AVAILABILITY = YES_AGGRESSIVE;
				CLANG_WARN_UNREACHABLE_CODE = YES;
				CLANG_WARN__DUPLICATE_METHOD_MATCH = YES;
				COPY_PHASE_STRIP = NO;
				DEBUG_INFORMATION_FORMAT = dwarf;
				ENABLE_STRICT_OBJC_MSGSEND = YES;
				ENABLE_TESTABILITY = YES;
				GCC_C_LANGUAGE_STANDARD = gnu11;
				GCC_DYNAMIC_NO_PIC = NO;
				GCC_NO_COMMON_BLOCKS = YES;
				GCC_OPTIMIZATION_LEVEL = 0;
				GCC_PREPROCESSOR_DEFINITIONS = (
					"DEBUG=1",
					"$(inherited)",
				);
				GCC_WARN_64_TO_32_BIT_CONVERSION = YES;
				GCC_WARN_ABOUT_RETURN_TYPE = YES_ERROR;
				GCC_WARN_UNDECLARED_SELECTOR = YES;
				GCC_WARN_UNINITIALIZED_AUTOS = YES_AGGRESSIVE;
				GCC_WARN_UNUSED_FUNCTION = YES;
				GCC_WARN_UNUSED_VARIABLE = YES;
				IPHONEOS_DEPLOYMENT_TARGET = 15.5;
				MTL_ENABLE_DEBUG_INFO = INCLUDE_SOURCE;
				MTL_FAST_MATH = YES;
				ONLY_ACTIVE_ARCH = YES;
				SDKROOT = iphoneos;
				SWIFT_ACTIVE_COMPILATION_CONDITIONS = DEBUG;
				SWIFT_OPTIMIZATION_LEVEL = "-Onone";
			};
			name = Debug;
		};
		1EE6763028D5F84600A2450D /* Release */ = {
			isa = XCBuildConfiguration;
			buildSettings = {
				ALWAYS_SEARCH_USER_PATHS = NO;
				CLANG_ANALYZER_NONNULL = YES;
				CLANG_ANALYZER_NUMBER_OBJECT_CONVERSION = YES_AGGRESSIVE;
				CLANG_CXX_LANGUAGE_STANDARD = "gnu++17";
				CLANG_ENABLE_MODULES = YES;
				CLANG_ENABLE_OBJC_ARC = YES;
				CLANG_ENABLE_OBJC_WEAK = YES;
				CLANG_WARN_BLOCK_CAPTURE_AUTORELEASING = YES;
				CLANG_WARN_BOOL_CONVERSION = YES;
				CLANG_WARN_COMMA = YES;
				CLANG_WARN_CONSTANT_CONVERSION = YES;
				CLANG_WARN_DEPRECATED_OBJC_IMPLEMENTATIONS = YES;
				CLANG_WARN_DIRECT_OBJC_ISA_USAGE = YES_ERROR;
				CLANG_WARN_DOCUMENTATION_COMMENTS = YES;
				CLANG_WARN_EMPTY_BODY = YES;
				CLANG_WARN_ENUM_CONVERSION = YES;
				CLANG_WARN_INFINITE_RECURSION = YES;
				CLANG_WARN_INT_CONVERSION = YES;
				CLANG_WARN_NON_LITERAL_NULL_CONVERSION = YES;
				CLANG_WARN_OBJC_IMPLICIT_RETAIN_SELF = YES;
				CLANG_WARN_OBJC_LITERAL_CONVERSION = YES;
				CLANG_WARN_OBJC_ROOT_CLASS = YES_ERROR;
				CLANG_WARN_QUOTED_INCLUDE_IN_FRAMEWORK_HEADER = YES;
				CLANG_WARN_RANGE_LOOP_ANALYSIS = YES;
				CLANG_WARN_STRICT_PROTOTYPES = YES;
				CLANG_WARN_SUSPICIOUS_MOVE = YES;
				CLANG_WARN_UNGUARDED_AVAILABILITY = YES_AGGRESSIVE;
				CLANG_WARN_UNREACHABLE_CODE = YES;
				CLANG_WARN__DUPLICATE_METHOD_MATCH = YES;
				COPY_PHASE_STRIP = NO;
				DEBUG_INFORMATION_FORMAT = "dwarf-with-dsym";
				ENABLE_NS_ASSERTIONS = NO;
				ENABLE_STRICT_OBJC_MSGSEND = YES;
				GCC_C_LANGUAGE_STANDARD = gnu11;
				GCC_NO_COMMON_BLOCKS = YES;
				GCC_WARN_64_TO_32_BIT_CONVERSION = YES;
				GCC_WARN_ABOUT_RETURN_TYPE = YES_ERROR;
				GCC_WARN_UNDECLARED_SELECTOR = YES;
				GCC_WARN_UNINITIALIZED_AUTOS = YES_AGGRESSIVE;
				GCC_WARN_UNUSED_FUNCTION = YES;
				GCC_WARN_UNUSED_VARIABLE = YES;
				IPHONEOS_DEPLOYMENT_TARGET = 15.5;
				MTL_ENABLE_DEBUG_INFO = NO;
				MTL_FAST_MATH = YES;
				SDKROOT = iphoneos;
				SWIFT_COMPILATION_MODE = wholemodule;
				SWIFT_OPTIMIZATION_LEVEL = "-O";
				VALIDATE_PRODUCT = YES;
			};
			name = Release;
		};
		1EE6763228D5F84600A2450D /* Debug */ = {
			isa = XCBuildConfiguration;
			buildSettings = {
				ASSETCATALOG_COMPILER_APPICON_NAME = AppIcon;
				ASSETCATALOG_COMPILER_GLOBAL_ACCENT_COLOR_NAME = AccentColor;
				CODE_SIGN_STYLE = Automatic;
				CURRENT_PROJECT_VERSION = 1;
				DEVELOPMENT_TEAM = X78P96DJ6F;
				GENERATE_INFOPLIST_FILE = YES;
				INFOPLIST_FILE = ADCarries/Info.plist;
				INFOPLIST_KEY_UIApplicationSupportsIndirectInputEvents = YES;
				INFOPLIST_KEY_UILaunchStoryboardName = LaunchScreen;
				INFOPLIST_KEY_UIMainStoryboardFile = Main;
				INFOPLIST_KEY_UISupportedInterfaceOrientations = UIInterfaceOrientationPortrait;
				INFOPLIST_KEY_UISupportedInterfaceOrientations_iPad = "UIInterfaceOrientationPortrait UIInterfaceOrientationPortraitUpsideDown UIInterfaceOrientationLandscapeLeft UIInterfaceOrientationLandscapeRight";
				INFOPLIST_KEY_UISupportedInterfaceOrientations_iPhone = "UIInterfaceOrientationPortrait UIInterfaceOrientationLandscapeLeft UIInterfaceOrientationLandscapeRight";
				LD_RUNPATH_SEARCH_PATHS = (
					"$(inherited)",
					"@executable_path/Frameworks",
				);
				MARKETING_VERSION = 1.0;
				PRODUCT_BUNDLE_IDENTIFIER = com.ibrahim.ADCarries;
				PRODUCT_NAME = "$(TARGET_NAME)";
				SWIFT_EMIT_LOC_STRINGS = YES;
				SWIFT_VERSION = 5.0;
				TARGETED_DEVICE_FAMILY = 1;
			};
			name = Debug;
		};
		1EE6763328D5F84600A2450D /* Release */ = {
			isa = XCBuildConfiguration;
			buildSettings = {
				ASSETCATALOG_COMPILER_APPICON_NAME = AppIcon;
				ASSETCATALOG_COMPILER_GLOBAL_ACCENT_COLOR_NAME = AccentColor;
				CODE_SIGN_STYLE = Automatic;
				CURRENT_PROJECT_VERSION = 1;
				DEVELOPMENT_TEAM = X78P96DJ6F;
				GENERATE_INFOPLIST_FILE = YES;
				INFOPLIST_FILE = ADCarries/Info.plist;
				INFOPLIST_KEY_UIApplicationSupportsIndirectInputEvents = YES;
				INFOPLIST_KEY_UILaunchStoryboardName = LaunchScreen;
				INFOPLIST_KEY_UIMainStoryboardFile = Main;
				INFOPLIST_KEY_UISupportedInterfaceOrientations = UIInterfaceOrientationPortrait;
				INFOPLIST_KEY_UISupportedInterfaceOrientations_iPad = "UIInterfaceOrientationPortrait UIInterfaceOrientationPortraitUpsideDown UIInterfaceOrientationLandscapeLeft UIInterfaceOrientationLandscapeRight";
				INFOPLIST_KEY_UISupportedInterfaceOrientations_iPhone = "UIInterfaceOrientationPortrait UIInterfaceOrientationLandscapeLeft UIInterfaceOrientationLandscapeRight";
				LD_RUNPATH_SEARCH_PATHS = (
					"$(inherited)",
					"@executable_path/Frameworks",
				);
				MARKETING_VERSION = 1.0;
				PRODUCT_BUNDLE_IDENTIFIER = com.ibrahim.ADCarries;
				PRODUCT_NAME = "$(TARGET_NAME)";
				SWIFT_EMIT_LOC_STRINGS = YES;
				SWIFT_VERSION = 5.0;
				TARGETED_DEVICE_FAMILY = 1;
			};
			name = Release;
		};
/* End XCBuildConfiguration section */

/* Begin XCConfigurationList section */
		1EE6761828D5F84500A2450D /* Build configuration list for PBXProject "ADCarries" */ = {
			isa = XCConfigurationList;
			buildConfigurations = (
				1EE6762F28D5F84600A2450D /* Debug */,
				1EE6763028D5F84600A2450D /* Release */,
			);
			defaultConfigurationIsVisible = 0;
			defaultConfigurationName = Release;
		};
		1EE6763128D5F84600A2450D /* Build configuration list for PBXNativeTarget "ADCarries" */ = {
			isa = XCConfigurationList;
			buildConfigurations = (
				1EE6763228D5F84600A2450D /* Debug */,
				1EE6763328D5F84600A2450D /* Release */,
			);
			defaultConfigurationIsVisible = 0;
			defaultConfigurationName = Release;
		};
/* End XCConfigurationList section */
	};
	rootObject = 1EE6761528D5F84500A2450D /* Project object */;
}
